
Microsoft Visual Studio Solution File, Format Version 12.00
# Visual Studio Version 17
VisualStudioVersion = 17.0.31903.59
MinimumVisualStudioVersion = 10.0.40219.1
Project("{2150E333-8FDC-42A3-9474-1A3956D46DE8}") = "src", "src", "{4DC90394-1820-4204-BF88-C6BB6364EA10}"
EndProject
Project("{FAE04EC0-301F-11D3-BF4B-00C04F79EFBC}") = "Admin.Api", "src\Admin.Api\Admin.Api.csproj", "{20C6E994-0A56-46BB-9F61-E4BA32FBA318}"
EndProject
Project("{FAE04EC0-301F-11D3-BF4B-00C04F79EFBC}") = "Admin.Shared", "src\Admin.Shared\Admin.Shared.csproj", "{07A9A4D2-26D1-41ED-BCE3-22EB8ABBBD7B}"
EndProject
Project("{FAE04EC0-301F-11D3-BF4B-00C04F79EFBC}") = "Consumer.Pgto", "src\Consumer.Pgto\Consumer.Pgto.csproj", "{A5493DE7-FCB1-4C5E-9D04-B415B425ED3D}"
EndProject
Project("{FAE04EC0-301F-11D3-BF4B-00C04F79EFBC}") = "Consumer.Pgto.Boleto", "src\Consumer.Pgto.Boleto\Consumer.Pgto.Boleto.csproj", "{BF9B6438-5C52-4C5F-AC82-1E8760BAEBDC}"
EndProject
Project("{FAE04EC0-301F-11D3-BF4B-00C04F79EFBC}") = "Consumer.Pgto.Cartao", "src\Consumer.Pgto.Cartao\Consumer.Pgto.Cartao.csproj", "{A0A9F634-EDA4-4FF3-8259-3B8963CA4136}"
EndProject
Project("{FAE04EC0-301F-11D3-BF4B-00C04F79EFBC}") = "Consumer.Pgto_", "src\Consumer.Pgto_\Consumer.Pgto_.csproj", "{D81AB24C-9F43-40DE-BE9C-5C0E510921A3}"
EndProject
Project("{FAE04EC0-301F-11D3-BF4B-00C04F79EFBC}") = "Producer", "src\Producer\Producer.csproj", "{F3703657-B22D-4F5E-8AC9-C216E0D0828F}"
EndProject
Global
	GlobalSection(SolutionConfigurationPlatforms) = preSolution
		Debug|Any CPU = Debug|Any CPU
		Release|Any CPU = Release|Any CPU
	EndGlobalSection
	GlobalSection(SolutionProperties) = preSolution
		HideSolutionNode = FALSE
	EndGlobalSection
	GlobalSection(ProjectConfigurationPlatforms) = postSolution
		{20C6E994-0A56-46BB-9F61-E4BA32FBA318}.Debug|Any CPU.ActiveCfg = Debug|Any CPU
		{20C6E994-0A56-46BB-9F61-E4BA32FBA318}.Debug|Any CPU.Build.0 = Debug|Any CPU
		{20C6E994-0A56-46BB-9F61-E4BA32FBA318}.Release|Any CPU.ActiveCfg = Release|Any CPU
		{20C6E994-0A56-46BB-9F61-E4BA32FBA318}.Release|Any CPU.Build.0 = Release|Any CPU
		{07A9A4D2-26D1-41ED-BCE3-22EB8ABBBD7B}.Debug|Any CPU.ActiveCfg = Debug|Any CPU
		{07A9A4D2-26D1-41ED-BCE3-22EB8ABBBD7B}.Debug|Any CPU.Build.0 = Debug|Any CPU
		{07A9A4D2-26D1-41ED-BCE3-22EB8ABBBD7B}.Release|Any CPU.ActiveCfg = Release|Any CPU
		{07A9A4D2-26D1-41ED-BCE3-22EB8ABBBD7B}.Release|Any CPU.Build.0 = Release|Any CPU
		{A5493DE7-FCB1-4C5E-9D04-B415B425ED3D}.Debug|Any CPU.ActiveCfg = Debug|Any CPU
		{A5493DE7-FCB1-4C5E-9D04-B415B425ED3D}.Debug|Any CPU.Build.0 = Debug|Any CPU
		{A5493DE7-FCB1-4C5E-9D04-B415B425ED3D}.Release|Any CPU.ActiveCfg = Release|Any CPU
		{A5493DE7-FCB1-4C5E-9D04-B415B425ED3D}.Release|Any CPU.Build.0 = Release|Any CPU
		{BF9B6438-5C52-4C5F-AC82-1E8760BAEBDC}.Debug|Any CPU.ActiveCfg = Debug|Any CPU
		{BF9B6438-5C52-4C5F-AC82-1E8760BAEBDC}.Debug|Any CPU.Build.0 = Debug|Any CPU
		{BF9B6438-5C52-4C5F-AC82-1E8760BAEBDC}.Release|Any CPU.ActiveCfg = Release|Any CPU
		{BF9B6438-5C52-4C5F-AC82-1E8760BAEBDC}.Release|Any CPU.Build.0 = Release|Any CPU
		{A0A9F634-EDA4-4FF3-8259-3B8963CA4136}.Debug|Any CPU.ActiveCfg = Debug|Any CPU
		{A0A9F634-EDA4-4FF3-8259-3B8963CA4136}.Debug|Any CPU.Build.0 = Debug|Any CPU
		{A0A9F634-EDA4-4FF3-8259-3B8963CA4136}.Release|Any CPU.ActiveCfg = Release|Any CPU
		{A0A9F634-EDA4-4FF3-8259-3B8963CA4136}.Release|Any CPU.Build.0 = Release|Any CPU
		{D81AB24C-9F43-40DE-BE9C-5C0E510921A3}.Debug|Any CPU.ActiveCfg = Debug|Any CPU
		{D81AB24C-9F43-40DE-BE9C-5C0E510921A3}.Debug|Any CPU.Build.0 = Debug|Any CPU
		{D81AB24C-9F43-40DE-BE9C-5C0E510921A3}.Release|Any CPU.ActiveCfg = Release|Any CPU
		{D81AB24C-9F43-40DE-BE9C-5C0E510921A3}.Release|Any CPU.Build.0 = Release|Any CPU
		{F3703657-B22D-4F5E-8AC9-C216E0D0828F}.Debug|Any CPU.ActiveCfg = Debug|Any CPU
		{F3703657-B22D-4F5E-8AC9-C216E0D0828F}.Debug|Any CPU.Build.0 = Debug|Any CPU
		{F3703657-B22D-4F5E-8AC9-C216E0D0828F}.Release|Any CPU.ActiveCfg = Release|Any CPU
		{F3703657-B22D-4F5E-8AC9-C216E0D0828F}.Release|Any CPU.Build.0 = Release|Any CPU
	EndGlobalSection
	GlobalSection(NestedProjects) = preSolution
		{20C6E994-0A56-46BB-9F61-E4BA32FBA318} = {4DC90394-1820-4204-BF88-C6BB6364EA10}
		{07A9A4D2-26D1-41ED-BCE3-22EB8ABBBD7B} = {4DC90394-1820-4204-BF88-C6BB6364EA10}
		{A5493DE7-FCB1-4C5E-9D04-B415B425ED3D} = {4DC90394-1820-4204-BF88-C6BB6364EA10}
		{BF9B6438-5C52-4C5F-AC82-1E8760BAEBDC} = {4DC90394-1820-4204-BF88-C6BB6364EA10}
		{A0A9F634-EDA4-4FF3-8259-3B8963CA4136} = {4DC90394-1820-4204-BF88-C6BB6364EA10}
		{D81AB24C-9F43-40DE-BE9C-5C0E510921A3} = {4DC90394-1820-4204-BF88-C6BB6364EA10}
		{F3703657-B22D-4F5E-8AC9-C216E0D0828F} = {4DC90394-1820-4204-BF88-C6BB6364EA10}
	EndGlobalSection
EndGlobal
